// !$*UTF8*$!
{
	archiveVersion = 1;
	classes = {
	};
	objectVersion = 46;
	objects = {

/* Begin PBXBuildFile section */
		24BD45A11F4898EC00DE3820 /* AppDelegate.swift in Sources */ = {isa = PBXBuildFile; fileRef = 24BD45A01F4898EC00DE3820 /* AppDelegate.swift */; };
		24BD45A31F4898EC00DE3820 /* ViewController.swift in Sources */ = {isa = PBXBuildFile; fileRef = 24BD45A21F4898EC00DE3820 /* ViewController.swift */; };
		24BD45A61F4898EC00DE3820 /* Main.storyboard in Resources */ = {isa = PBXBuildFile; fileRef = 24BD45A41F4898EC00DE3820 /* Main.storyboard */; };
		24BD45A81F4898EC00DE3820 /* Assets.xcassets in Resources */ = {isa = PBXBuildFile; fileRef = 24BD45A71F4898EC00DE3820 /* Assets.xcassets */; };
		24BD45AB1F4898EC00DE3820 /* LaunchScreen.storyboard in Resources */ = {isa = PBXBuildFile; fileRef = 24BD45A91F4898EC00DE3820 /* LaunchScreen.storyboard */; };
		24BD45B61F4898EC00DE3820 /* TestCodeTests.swift in Sources */ = {isa = PBXBuildFile; fileRef = 24BD45B51F4898EC00DE3820 /* TestCodeTests.swift */; };
		24BD45C11F4898EC00DE3820 /* TestCodeUITests.swift in Sources */ = {isa = PBXBuildFile; fileRef = 24BD45C01F4898EC00DE3820 /* TestCodeUITests.swift */; };
		9DF4D0AC4C7EF42B4BF0D98C /* Pods_TestCodeTests.framework in Frameworks */ = {isa = PBXBuildFile; fileRef = 977B0EA59D6CAF1500B2DBA0 /* Pods_TestCodeTests.framework */; };
		9E0967CF6CC5772879678C2B /* Pods_TestCodeUITests.framework in Frameworks */ = {isa = PBXBuildFile; fileRef = CB934C6B6456B5E69D55902B /* Pods_TestCodeUITests.framework */; };
		C9A1E8564C7CDBFDC9EEC010 /* Pods_TestCode.framework in Frameworks */ = {isa = PBXBuildFile; fileRef = C803D7B336BB4514416A3984 /* Pods_TestCode.framework */; };
/* End PBXBuildFile section */

/* Begin PBXContainerItemProxy section */
		24BD45B21F4898EC00DE3820 /* PBXContainerItemProxy */ = {
			isa = PBXContainerItemProxy;
			containerPortal = 24BD45951F4898EC00DE3820 /* Project object */;
			proxyType = 1;
			remoteGlobalIDString = 24BD459C1F4898EC00DE3820;
			remoteInfo = TestCode;
		};
		24BD45BD1F4898EC00DE3820 /* PBXContainerItemProxy */ = {
			isa = PBXContainerItemProxy;
			containerPortal = 24BD45951F4898EC00DE3820 /* Project object */;
			proxyType = 1;
			remoteGlobalIDString = 24BD459C1F4898EC00DE3820;
			remoteInfo = TestCode;
		};
/* End PBXContainerItemProxy section */

/* Begin PBXFileReference section */
		052A349C6A87E0D74D53B7A5 /* Pods-TestCodeUITests.release.xcconfig */ = {isa = PBXFileReference; includeInIndex = 1; lastKnownFileType = text.xcconfig; name = "Pods-TestCodeUITests.release.xcconfig"; path = "Pods/Target Support Files/Pods-TestCodeUITests/Pods-TestCodeUITests.release.xcconfig"; sourceTree = "<group>"; };
		1B9EE3AFCD4B38FDD0A5261D /* Pods-TestCodeTests.release.xcconfig */ = {isa = PBXFileReference; includeInIndex = 1; lastKnownFileType = text.xcconfig; name = "Pods-TestCodeTests.release.xcconfig"; path = "Pods/Target Support Files/Pods-TestCodeTests/Pods-TestCodeTests.release.xcconfig"; sourceTree = "<group>"; };
		24BD459D1F4898EC00DE3820 /* TestCode.app */ = {isa = PBXFileReference; explicitFileType = wrapper.application; includeInIndex = 0; path = TestCode.app; sourceTree = BUILT_PRODUCTS_DIR; };
		24BD45A01F4898EC00DE3820 /* AppDelegate.swift */ = {isa = PBXFileReference; lastKnownFileType = sourcecode.swift; path = AppDelegate.swift; sourceTree = "<group>"; };
		24BD45A21F4898EC00DE3820 /* ViewController.swift */ = {isa = PBXFileReference; lastKnownFileType = sourcecode.swift; path = ViewController.swift; sourceTree = "<group>"; };
		24BD45A51F4898EC00DE3820 /* Base */ = {isa = PBXFileReference; lastKnownFileType = file.storyboard; name = Base; path = Base.lproj/Main.storyboard; sourceTree = "<group>"; };
		24BD45A71F4898EC00DE3820 /* Assets.xcassets */ = {isa = PBXFileReference; lastKnownFileType = folder.assetcatalog; path = Assets.xcassets; sourceTree = "<group>"; };
		24BD45AA1F4898EC00DE3820 /* Base */ = {isa = PBXFileReference; lastKnownFileType = file.storyboard; name = Base; path = Base.lproj/LaunchScreen.storyboard; sourceTree = "<group>"; };
		24BD45AC1F4898EC00DE3820 /* Info.plist */ = {isa = PBXFileReference; lastKnownFileType = text.plist.xml; path = Info.plist; sourceTree = "<group>"; };
		24BD45B11F4898EC00DE3820 /* TestCodeTests.xctest */ = {isa = PBXFileReference; explicitFileType = wrapper.cfbundle; includeInIndex = 0; path = TestCodeTests.xctest; sourceTree = BUILT_PRODUCTS_DIR; };
		24BD45B51F4898EC00DE3820 /* TestCodeTests.swift */ = {isa = PBXFileReference; lastKnownFileType = sourcecode.swift; path = TestCodeTests.swift; sourceTree = "<group>"; };
		24BD45B71F4898EC00DE3820 /* Info.plist */ = {isa = PBXFileReference; lastKnownFileType = text.plist.xml; path = Info.plist; sourceTree = "<group>"; };
		24BD45BC1F4898EC00DE3820 /* TestCodeUITests.xctest */ = {isa = PBXFileReference; explicitFileType = wrapper.cfbundle; includeInIndex = 0; path = TestCodeUITests.xctest; sourceTree = BUILT_PRODUCTS_DIR; };
		24BD45C01F4898EC00DE3820 /* TestCodeUITests.swift */ = {isa = PBXFileReference; lastKnownFileType = sourcecode.swift; path = TestCodeUITests.swift; sourceTree = "<group>"; };
		24BD45C21F4898EC00DE3820 /* Info.plist */ = {isa = PBXFileReference; lastKnownFileType = text.plist.xml; path = Info.plist; sourceTree = "<group>"; };
		3712762694E29E0695ABEE01 /* Pods-TestCode.debug.xcconfig */ = {isa = PBXFileReference; includeInIndex = 1; lastKnownFileType = text.xcconfig; name = "Pods-TestCode.debug.xcconfig"; path = "Pods/Target Support Files/Pods-TestCode/Pods-TestCode.debug.xcconfig"; sourceTree = "<group>"; };
		977B0EA59D6CAF1500B2DBA0 /* Pods_TestCodeTests.framework */ = {isa = PBXFileReference; explicitFileType = wrapper.framework; includeInIndex = 0; path = Pods_TestCodeTests.framework; sourceTree = BUILT_PRODUCTS_DIR; };
		B60733D3978E19B4095A7629 /* Pods-TestCodeTests.debug.xcconfig */ = {isa = PBXFileReference; includeInIndex = 1; lastKnownFileType = text.xcconfig; name = "Pods-TestCodeTests.debug.xcconfig"; path = "Pods/Target Support Files/Pods-TestCodeTests/Pods-TestCodeTests.debug.xcconfig"; sourceTree = "<group>"; };
		C803D7B336BB4514416A3984 /* Pods_TestCode.framework */ = {isa = PBXFileReference; explicitFileType = wrapper.framework; includeInIndex = 0; path = Pods_TestCode.framework; sourceTree = BUILT_PRODUCTS_DIR; };
		CB934C6B6456B5E69D55902B /* Pods_TestCodeUITests.framework */ = {isa = PBXFileReference; explicitFileType = wrapper.framework; includeInIndex = 0; path = Pods_TestCodeUITests.framework; sourceTree = BUILT_PRODUCTS_DIR; };
		D4A655560DFA89FEA9BC4864 /* Pods-TestCode.release.xcconfig */ = {isa = PBXFileReference; includeInIndex = 1; lastKnownFileType = text.xcconfig; name = "Pods-TestCode.release.xcconfig"; path = "Pods/Target Support Files/Pods-TestCode/Pods-TestCode.release.xcconfig"; sourceTree = "<group>"; };
		E404DA41819F62BEDE5CCA87 /* Pods-TestCodeUITests.debug.xcconfig */ = {isa = PBXFileReference; includeInIndex = 1; lastKnownFileType = text.xcconfig; name = "Pods-TestCodeUITests.debug.xcconfig"; path = "Pods/Target Support Files/Pods-TestCodeUITests/Pods-TestCodeUITests.debug.xcconfig"; sourceTree = "<group>"; };
/* End PBXFileReference section */

/* Begin PBXFrameworksBuildPhase section */
		24BD459A1F4898EC00DE3820 /* Frameworks */ = {
			isa = PBXFrameworksBuildPhase;
			buildActionMask = 2147483647;
			files = (
				C9A1E8564C7CDBFDC9EEC010 /* Pods_TestCode.framework in Frameworks */,
			);
			runOnlyForDeploymentPostprocessing = 0;
		};
		24BD45AE1F4898EC00DE3820 /* Frameworks */ = {
			isa = PBXFrameworksBuildPhase;
			buildActionMask = 2147483647;
			files = (
				9DF4D0AC4C7EF42B4BF0D98C /* Pods_TestCodeTests.framework in Frameworks */,
			);
			runOnlyForDeploymentPostprocessing = 0;
		};
		24BD45B91F4898EC00DE3820 /* Frameworks */ = {
			isa = PBXFrameworksBuildPhase;
			buildActionMask = 2147483647;
			files = (
				9E0967CF6CC5772879678C2B /* Pods_TestCodeUITests.framework in Frameworks */,
			);
			runOnlyForDeploymentPostprocessing = 0;
		};
/* End PBXFrameworksBuildPhase section */

/* Begin PBXGroup section */
		24BD45941F4898EC00DE3820 = {
			isa = PBXGroup;
			children = (
				24BD459F1F4898EC00DE3820 /* TestCode */,
				24BD45B41F4898EC00DE3820 /* TestCodeTests */,
				24BD45BF1F4898EC00DE3820 /* TestCodeUITests */,
				24BD459E1F4898EC00DE3820 /* Products */,
				2BAA61AF1F93D9A63B367162 /* Pods */,
				693306F19E9D036064A9E50F /* Frameworks */,
			);
			sourceTree = "<group>";
		};
		24BD459E1F4898EC00DE3820 /* Products */ = {
			isa = PBXGroup;
			children = (
				24BD459D1F4898EC00DE3820 /* TestCode.app */,
				24BD45B11F4898EC00DE3820 /* TestCodeTests.xctest */,
				24BD45BC1F4898EC00DE3820 /* TestCodeUITests.xctest */,
			);
			name = Products;
			sourceTree = "<group>";
		};
		24BD459F1F4898EC00DE3820 /* TestCode */ = {
			isa = PBXGroup;
			children = (
				24BD45A01F4898EC00DE3820 /* AppDelegate.swift */,
				24BD45A21F4898EC00DE3820 /* ViewController.swift */,
				24BD45A41F4898EC00DE3820 /* Main.storyboard */,
				24BD45A71F4898EC00DE3820 /* Assets.xcassets */,
				24BD45A91F4898EC00DE3820 /* LaunchScreen.storyboard */,
				24BD45AC1F4898EC00DE3820 /* Info.plist */,
			);
			path = TestCode;
			sourceTree = "<group>";
		};
		24BD45B41F4898EC00DE3820 /* TestCodeTests */ = {
			isa = PBXGroup;
			children = (
				24BD45B51F4898EC00DE3820 /* TestCodeTests.swift */,
				24BD45B71F4898EC00DE3820 /* Info.plist */,
			);
			path = TestCodeTests;
			sourceTree = "<group>";
		};
		24BD45BF1F4898EC00DE3820 /* TestCodeUITests */ = {
			isa = PBXGroup;
			children = (
				24BD45C01F4898EC00DE3820 /* TestCodeUITests.swift */,
				24BD45C21F4898EC00DE3820 /* Info.plist */,
			);
			path = TestCodeUITests;
			sourceTree = "<group>";
		};
		2BAA61AF1F93D9A63B367162 /* Pods */ = {
			isa = PBXGroup;
			children = (
				3712762694E29E0695ABEE01 /* Pods-TestCode.debug.xcconfig */,
				D4A655560DFA89FEA9BC4864 /* Pods-TestCode.release.xcconfig */,
				B60733D3978E19B4095A7629 /* Pods-TestCodeTests.debug.xcconfig */,
				1B9EE3AFCD4B38FDD0A5261D /* Pods-TestCodeTests.release.xcconfig */,
				E404DA41819F62BEDE5CCA87 /* Pods-TestCodeUITests.debug.xcconfig */,
				052A349C6A87E0D74D53B7A5 /* Pods-TestCodeUITests.release.xcconfig */,
			);
			name = Pods;
			sourceTree = "<group>";
		};
		693306F19E9D036064A9E50F /* Frameworks */ = {
			isa = PBXGroup;
			children = (
				C803D7B336BB4514416A3984 /* Pods_TestCode.framework */,
				977B0EA59D6CAF1500B2DBA0 /* Pods_TestCodeTests.framework */,
				CB934C6B6456B5E69D55902B /* Pods_TestCodeUITests.framework */,
			);
			name = Frameworks;
			sourceTree = "<group>";
		};
/* End PBXGroup section */

/* Begin PBXNativeTarget section */
		24BD459C1F4898EC00DE3820 /* TestCode */ = {
			isa = PBXNativeTarget;
			buildConfigurationList = 24BD45C51F4898EC00DE3820 /* Build configuration list for PBXNativeTarget "TestCode" */;
			buildPhases = (
				952C4C886452301E8EAC8739 /* [CP] Check Pods Manifest.lock */,
				24BD45991F4898EC00DE3820 /* Sources */,
				24BD459A1F4898EC00DE3820 /* Frameworks */,
				24BD459B1F4898EC00DE3820 /* Resources */,
				DF5A0FBE946E9681F8B91D00 /* [CP] Embed Pods Frameworks */,
				A46CCED849AC610618BFEAEF /* [CP] Copy Pods Resources */,
			);
			buildRules = (
			);
			dependencies = (
			);
			name = TestCode;
			productName = TestCode;
			productReference = 24BD459D1F4898EC00DE3820 /* TestCode.app */;
			productType = "com.apple.product-type.application";
		};
		24BD45B01F4898EC00DE3820 /* TestCodeTests */ = {
			isa = PBXNativeTarget;
			buildConfigurationList = 24BD45C81F4898EC00DE3820 /* Build configuration list for PBXNativeTarget "TestCodeTests" */;
			buildPhases = (
				FFE740BE27A77F4373940B50 /* [CP] Check Pods Manifest.lock */,
				24BD45AD1F4898EC00DE3820 /* Sources */,
				24BD45AE1F4898EC00DE3820 /* Frameworks */,
				24BD45AF1F4898EC00DE3820 /* Resources */,
				97CFE106C020B542EC7827BA /* [CP] Embed Pods Frameworks */,
				D6D9B55B5A6F9E819B2EB3E1 /* [CP] Copy Pods Resources */,
			);
			buildRules = (
			);
			dependencies = (
				24BD45B31F4898EC00DE3820 /* PBXTargetDependency */,
			);
			name = TestCodeTests;
			productName = TestCodeTests;
			productReference = 24BD45B11F4898EC00DE3820 /* TestCodeTests.xctest */;
			productType = "com.apple.product-type.bundle.unit-test";
		};
		24BD45BB1F4898EC00DE3820 /* TestCodeUITests */ = {
			isa = PBXNativeTarget;
			buildConfigurationList = 24BD45CB1F4898EC00DE3820 /* Build configuration list for PBXNativeTarget "TestCodeUITests" */;
			buildPhases = (
				CED2A9DA8384FAFB4E4796C8 /* [CP] Check Pods Manifest.lock */,
				24BD45B81F4898EC00DE3820 /* Sources */,
				24BD45B91F4898EC00DE3820 /* Frameworks */,
				24BD45BA1F4898EC00DE3820 /* Resources */,
				3E3C7F213B36306EFC3FE89A /* [CP] Embed Pods Frameworks */,
				403799F7BD55F8C4943C7895 /* [CP] Copy Pods Resources */,
			);
			buildRules = (
			);
			dependencies = (
				24BD45BE1F4898EC00DE3820 /* PBXTargetDependency */,
			);
			name = TestCodeUITests;
			productName = TestCodeUITests;
			productReference = 24BD45BC1F4898EC00DE3820 /* TestCodeUITests.xctest */;
			productType = "com.apple.product-type.bundle.ui-testing";
		};
/* End PBXNativeTarget section */

/* Begin PBXProject section */
		24BD45951F4898EC00DE3820 /* Project object */ = {
			isa = PBXProject;
			attributes = {
				LastSwiftUpdateCheck = 0830;
				LastUpgradeCheck = 0830;
				ORGANIZATIONNAME = BlueBerry;
				TargetAttributes = {
					24BD459C1F4898EC00DE3820 = {
						CreatedOnToolsVersion = 8.3.3;
						DevelopmentTeam = 3BC8DC7YY2;
						ProvisioningStyle = Automatic;
					};
					24BD45B01F4898EC00DE3820 = {
						CreatedOnToolsVersion = 8.3.3;
						DevelopmentTeam = 3BC8DC7YY2;
						ProvisioningStyle = Automatic;
						TestTargetID = 24BD459C1F4898EC00DE3820;
					};
					24BD45BB1F4898EC00DE3820 = {
						CreatedOnToolsVersion = 8.3.3;
						DevelopmentTeam = 3BC8DC7YY2;
						ProvisioningStyle = Automatic;
						TestTargetID = 24BD459C1F4898EC00DE3820;
					};
				};
			};
			buildConfigurationList = 24BD45981F4898EC00DE3820 /* Build configuration list for PBXProject "TestCode" */;
			compatibilityVersion = "Xcode 3.2";
			developmentRegion = English;
			hasScannedForEncodings = 0;
			knownRegions = (
				en,
				Base,
			);
			mainGroup = 24BD45941F4898EC00DE3820;
			productRefGroup = 24BD459E1F4898EC00DE3820 /* Products */;
			projectDirPath = "";
			projectRoot = "";
			targets = (
				24BD459C1F4898EC00DE3820 /* TestCode */,
				24BD45B01F4898EC00DE3820 /* TestCodeTests */,
				24BD45BB1F4898EC00DE3820 /* TestCodeUITests */,
			);
		};
/* End PBXProject section */

/* Begin PBXResourcesBuildPhase section */
		24BD459B1F4898EC00DE3820 /* Resources */ = {
			isa = PBXResourcesBuildPhase;
			buildActionMask = 2147483647;
			files = (
				24BD45AB1F4898EC00DE3820 /* LaunchScreen.storyboard in Resources */,
				24BD45A81F4898EC00DE3820 /* Assets.xcassets in Resources */,
				24BD45A61F4898EC00DE3820 /* Main.storyboard in Resources */,
			);
			runOnlyForDeploymentPostprocessing = 0;
		};
		24BD45AF1F4898EC00DE3820 /* Resources */ = {
			isa = PBXResourcesBuildPhase;
			buildActionMask = 2147483647;
			files = (
			);
			runOnlyForDeploymentPostprocessing = 0;
		};
		24BD45BA1F4898EC00DE3820 /* Resources */ = {
			isa = PBXResourcesBuildPhase;
			buildActionMask = 2147483647;
			files = (
			);
			runOnlyForDeploymentPostprocessing = 0;
		};
/* End PBXResourcesBuildPhase section */

/* Begin PBXShellScriptBuildPhase section */
		3E3C7F213B36306EFC3FE89A /* [CP] Embed Pods Frameworks */ = {
			isa = PBXShellScriptBuildPhase;
			buildActionMask = 2147483647;
			files = (
			);
			inputPaths = (
			);
			name = "[CP] Embed Pods Frameworks";
			outputPaths = (
			);
			runOnlyForDeploymentPostprocessing = 0;
			shellPath = /bin/sh;
			shellScript = "\"${SRCROOT}/Pods/Target Support Files/Pods-TestCodeUITests/Pods-TestCodeUITests-frameworks.sh\"\n";
			showEnvVarsInLog = 0;
		};
		403799F7BD55F8C4943C7895 /* [CP] Copy Pods Resources */ = {
			isa = PBXShellScriptBuildPhase;
			buildActionMask = 2147483647;
			files = (
			);
			inputPaths = (
			);
			name = "[CP] Copy Pods Resources";
			outputPaths = (
			);
			runOnlyForDeploymentPostprocessing = 0;
			shellPath = /bin/sh;
			shellScript = "\"${SRCROOT}/Pods/Target Support Files/Pods-TestCodeUITests/Pods-TestCodeUITests-resources.sh\"\n";
			showEnvVarsInLog = 0;
		};
		952C4C886452301E8EAC8739 /* [CP] Check Pods Manifest.lock */ = {
			isa = PBXShellScriptBuildPhase;
			buildActionMask = 2147483647;
			files = (
			);
			inputPaths = (
			);
			name = "[CP] Check Pods Manifest.lock";
			outputPaths = (
			);
			runOnlyForDeploymentPostprocessing = 0;
			shellPath = /bin/sh;
			shellScript = "diff \"${PODS_ROOT}/../Podfile.lock\" \"${PODS_ROOT}/Manifest.lock\" > /dev/null\nif [ $? != 0 ] ; then\n    # print error to STDERR\n    echo \"error: The sandbox is not in sync with the Podfile.lock. Run 'pod install' or update your CocoaPods installation.\" >&2\n    exit 1\nfi\n";
			showEnvVarsInLog = 0;
		};
		97CFE106C020B542EC7827BA /* [CP] Embed Pods Frameworks */ = {
			isa = PBXShellScriptBuildPhase;
			buildActionMask = 2147483647;
			files = (
			);
			inputPaths = (
			);
			name = "[CP] Embed Pods Frameworks";
			outputPaths = (
			);
			runOnlyForDeploymentPostprocessing = 0;
			shellPath = /bin/sh;
			shellScript = "\"${SRCROOT}/Pods/Target Support Files/Pods-TestCodeTests/Pods-TestCodeTests-frameworks.sh\"\n";
			showEnvVarsInLog = 0;
		};
		A46CCED849AC610618BFEAEF /* [CP] Copy Pods Resources */ = {
			isa = PBXShellScriptBuildPhase;
			buildActionMask = 2147483647;
			files = (
			);
			inputPaths = (
			);
			name = "[CP] Copy Pods Resources";
			outputPaths = (
			);
			runOnlyForDeploymentPostprocessing = 0;
			shellPath = /bin/sh;
			shellScript = "\"${SRCROOT}/Pods/Target Support Files/Pods-TestCode/Pods-TestCode-resources.sh\"\n";
			showEnvVarsInLog = 0;
		};
		CED2A9DA8384FAFB4E4796C8 /* [CP] Check Pods Manifest.lock */ = {
			isa = PBXShellScriptBuildPhase;
			buildActionMask = 2147483647;
			files = (
			);
			inputPaths = (
			);
			name = "[CP] Check Pods Manifest.lock";
			outputPaths = (
			);
			runOnlyForDeploymentPostprocessing = 0;
			shellPath = /bin/sh;
			shellScript = "diff \"${PODS_ROOT}/../Podfile.lock\" \"${PODS_ROOT}/Manifest.lock\" > /dev/null\nif [ $? != 0 ] ; then\n    # print error to STDERR\n    echo \"error: The sandbox is not in sync with the Podfile.lock. Run 'pod install' or update your CocoaPods installation.\" >&2\n    exit 1\nfi\n";
			showEnvVarsInLog = 0;
		};
		D6D9B55B5A6F9E819B2EB3E1 /* [CP] Copy Pods Resources */ = {
			isa = PBXShellScriptBuildPhase;
			buildActionMask = 2147483647;
			files = (
			);
			inputPaths = (
			);
			name = "[CP] Copy Pods Resources";
			outputPaths = (
			);
			runOnlyForDeploymentPostprocessing = 0;
			shellPath = /bin/sh;
			shellScript = "\"${SRCROOT}/Pods/Target Support Files/Pods-TestCodeTests/Pods-TestCodeTests-resources.sh\"\n";
			showEnvVarsInLog = 0;
		};
		DF5A0FBE946E9681F8B91D00 /* [CP] Embed Pods Frameworks */ = {
			isa = PBXShellScriptBuildPhase;
			buildActionMask = 2147483647;
			files = (
			);
			inputPaths = (
			);
			name = "[CP] Embed Pods Frameworks";
			outputPaths = (
			);
			runOnlyForDeploymentPostprocessing = 0;
			shellPath = /bin/sh;
			shellScript = "\"${SRCROOT}/Pods/Target Support Files/Pods-TestCode/Pods-TestCode-frameworks.sh\"\n";
			showEnvVarsInLog = 0;
		};
		FFE740BE27A77F4373940B50 /* [CP] Check Pods Manifest.lock */ = {
			isa = PBXShellScriptBuildPhase;
			buildActionMask = 2147483647;
			files = (
			);
			inputPaths = (
			);
			name = "[CP] Check Pods Manifest.lock";
			outputPaths = (
			);
			runOnlyForDeploymentPostprocessing = 0;
			shellPath = /bin/sh;
			shellScript = "diff \"${PODS_ROOT}/../Podfile.lock\" \"${PODS_ROOT}/Manifest.lock\" > /dev/null\nif [ $? != 0 ] ; then\n    # print error to STDERR\n    echo \"error: The sandbox is not in sync with the Podfile.lock. Run 'pod install' or update your CocoaPods installation.\" >&2\n    exit 1\nfi\n";
			showEnvVarsInLog = 0;
		};
/* End PBXShellScriptBuildPhase section */

/* Begin PBXSourcesBuildPhase section */
		24BD45991F4898EC00DE3820 /* Sources */ = {
			isa = PBXSourcesBuildPhase;
			buildActionMask = 2147483647;
			files = (
				24BD45A31F4898EC00DE3820 /* ViewController.swift in Sources */,
				24BD45A11F4898EC00DE3820 /* AppDelegate.swift in Sources */,
			);
			runOnlyForDeploymentPostprocessing = 0;
		};
		24BD45AD1F4898EC00DE3820 /* Sources */ = {
			isa = PBXSourcesBuildPhase;
			buildActionMask = 2147483647;
			files = (
				24BD45B61F4898EC00DE3820 /* TestCodeTests.swift in Sources */,
			);
			runOnlyForDeploymentPostprocessing = 0;
		};
		24BD45B81F4898EC00DE3820 /* Sources */ = {
			isa = PBXSourcesBuildPhase;
			buildActionMask = 2147483647;
			files = (
				24BD45C11F4898EC00DE3820 /* TestCodeUITests.swift in Sources */,
			);
			runOnlyForDeploymentPostprocessing = 0;
		};
/* End PBXSourcesBuildPhase section */

/* Begin PBXTargetDependency section */
		24BD45B31F4898EC00DE3820 /* PBXTargetDependency */ = {
			isa = PBXTargetDependency;
			target = 24BD459C1F4898EC00DE3820 /* TestCode */;
			targetProxy = 24BD45B21F4898EC00DE3820 /* PBXContainerItemProxy */;
		};
		24BD45BE1F4898EC00DE3820 /* PBXTargetDependency */ = {
			isa = PBXTargetDependency;
			target = 24BD459C1F4898EC00DE3820 /* TestCode */;
			targetProxy = 24BD45BD1F4898EC00DE3820 /* PBXContainerItemProxy */;
		};
/* End PBXTargetDependency section */

/* Begin PBXVariantGroup section */
		24BD45A41F4898EC00DE3820 /* Main.storyboard */ = {
			isa = PBXVariantGroup;
			children = (
				24BD45A51F4898EC00DE3820 /* Base */,
			);
			name = Main.storyboard;
			sourceTree = "<group>";
		};
		24BD45A91F4898EC00DE3820 /* LaunchScreen.storyboard */ = {
			isa = PBXVariantGroup;
			children = (
				24BD45AA1F4898EC00DE3820 /* Base */,
			);
			name = LaunchScreen.storyboard;
			sourceTree = "<group>";
		};
/* End PBXVariantGroup section */

/* Begin XCBuildConfiguration section */
		24BD45C31F4898EC00DE3820 /* Debug */ = {
			isa = XCBuildConfiguration;
			buildSettings = {
				ALWAYS_SEARCH_USER_PATHS = NO;
				CLANG_ANALYZER_NONNULL = YES;
				CLANG_ANALYZER_NUMBER_OBJECT_CONVERSION = YES_AGGRESSIVE;
				CLANG_CXX_LANGUAGE_STANDARD = "gnu++0x";
				CLANG_CXX_LIBRARY = "libc++";
				CLANG_ENABLE_MODULES = YES;
				CLANG_ENABLE_OBJC_ARC = YES;
				CLANG_WARN_BOOL_CONVERSION = YES;
				CLANG_WARN_CONSTANT_CONVERSION = YES;
				CLANG_WARN_DIRECT_OBJC_ISA_USAGE = YES_ERROR;
				CLANG_WARN_DOCUMENTATION_COMMENTS = YES;
				CLANG_WARN_EMPTY_BODY = YES;
				CLANG_WARN_ENUM_CONVERSION = YES;
				CLANG_WARN_INFINITE_RECURSION = YES;
				CLANG_WARN_INT_CONVERSION = YES;
				CLANG_WARN_OBJC_ROOT_CLASS = YES_ERROR;
				CLANG_WARN_SUSPICIOUS_MOVE = YES;
				CLANG_WARN_UNREACHABLE_CODE = YES;
				CLANG_WARN__DUPLICATE_METHOD_MATCH = YES;
				"CODE_SIGN_IDENTITY[sdk=iphoneos*]" = "iPhone Developer";
				COPY_PHASE_STRIP = NO;
				DEBUG_INFORMATION_FORMAT = dwarf;
				ENABLE_STRICT_OBJC_MSGSEND = YES;
				ENABLE_TESTABILITY = YES;
				GCC_C_LANGUAGE_STANDARD = gnu99;
				GCC_DYNAMIC_NO_PIC = NO;
				GCC_NO_COMMON_BLOCKS = YES;
				GCC_OPTIMIZATION_LEVEL = 0;
				GCC_PREPROCESSOR_DEFINITIONS = (
					"DEBUG=1",
					"$(inherited)",
				);
				GCC_WARN_64_TO_32_BIT_CONVERSION = YES;
				GCC_WARN_ABOUT_RETURN_TYPE = YES_ERROR;
				GCC_WARN_UNDECLARED_SELECTOR = YES;
				GCC_WARN_UNINITIALIZED_AUTOS = YES_AGGRESSIVE;
				GCC_WARN_UNUSED_FUNCTION = YES;
				GCC_WARN_UNUSED_VARIABLE = YES;
				IPHONEOS_DEPLOYMENT_TARGET = 10.3;
				MTL_ENABLE_DEBUG_INFO = YES;
				ONLY_ACTIVE_ARCH = YES;
				SDKROOT = iphoneos;
				SWIFT_ACTIVE_COMPILATION_CONDITIONS = DEBUG;
				SWIFT_OPTIMIZATION_LEVEL = "-Onone";
			};
			name = Debug;
		};
		24BD45C41F4898EC00DE3820 /* Release */ = {
			isa = XCBuildConfiguration;
			buildSettings = {
				ALWAYS_SEARCH_USER_PATHS = NO;
				CLANG_ANALYZER_NONNULL = YES;
				CLANG_ANALYZER_NUMBER_OBJECT_CONVERSION = YES_AGGRESSIVE;
				CLANG_CXX_LANGUAGE_STANDARD = "gnu++0x";
				CLANG_CXX_LIBRARY = "libc++";
				CLANG_ENABLE_MODULES = YES;
				CLANG_ENABLE_OBJC_ARC = YES;
				CLANG_WARN_BOOL_CONVERSION = YES;
				CLANG_WARN_CONSTANT_CONVERSION = YES;
				CLANG_WARN_DIRECT_OBJC_ISA_USAGE = YES_ERROR;
				CLANG_WARN_DOCUMENTATION_COMMENTS = YES;
				CLANG_WARN_EMPTY_BODY = YES;
				CLANG_WARN_ENUM_CONVERSION = YES;
				CLANG_WARN_INFINITE_RECURSION = YES;
				CLANG_WARN_INT_CONVERSION = YES;
				CLANG_WARN_OBJC_ROOT_CLASS = YES_ERROR;
				CLANG_WARN_SUSPICIOUS_MOVE = YES;
				CLANG_WARN_UNREACHABLE_CODE = YES;
				CLANG_WARN__DUPLICATE_METHOD_MATCH = YES;
				"CODE_SIGN_IDENTITY[sdk=iphoneos*]" = "iPhone Developer";
				COPY_PHASE_STRIP = NO;
				DEBUG_INFORMATION_FORMAT = "dwarf-with-dsym";
				ENABLE_NS_ASSERTIONS = NO;
				ENABLE_STRICT_OBJC_MSGSEND = YES;
				GCC_C_LANGUAGE_STANDARD = gnu99;
				GCC_NO_COMMON_BLOCKS = YES;
				GCC_WARN_64_TO_32_BIT_CONVERSION = YES;
				GCC_WARN_ABOUT_RETURN_TYPE = YES_ERROR;
				GCC_WARN_UNDECLARED_SELECTOR = YES;
				GCC_WARN_UNINITIALIZED_AUTOS = YES_AGGRESSIVE;
				GCC_WARN_UNUSED_FUNCTION = YES;
				GCC_WARN_UNUSED_VARIABLE = YES;
				IPHONEOS_DEPLOYMENT_TARGET = 10.3;
				MTL_ENABLE_DEBUG_INFO = NO;
				SDKROOT = iphoneos;
				SWIFT_OPTIMIZATION_LEVEL = "-Owholemodule";
				VALIDATE_PRODUCT = YES;
			};
			name = Release;
		};
		24BD45C61F4898EC00DE3820 /* Debug */ = {
			isa = XCBuildConfiguration;
			baseConfigurationReference = 3712762694E29E0695ABEE01 /* Pods-TestCode.debug.xcconfig */;
			buildSettings = {
				ASSETCATALOG_COMPILER_APPICON_NAME = AppIcon;
				DEVELOPMENT_TEAM = 3BC8DC7YY2;
				INFOPLIST_FILE = TestCode/Info.plist;
				LD_RUNPATH_SEARCH_PATHS = "$(inherited) @executable_path/Frameworks";
				PRODUCT_BUNDLE_IDENTIFIER = Blueberry.TestCode;
				PRODUCT_NAME = "$(TARGET_NAME)";
				SWIFT_VERSION = 3.0;
			};
			name = Debug;
		};
		24BD45C71F4898EC00DE3820 /* Release */ = {
			isa = XCBuildConfiguration;
			baseConfigurationReference = D4A655560DFA89FEA9BC4864 /* Pods-TestCode.release.xcconfig */;
			buildSettings = {
				ASSETCATALOG_COMPILER_APPICON_NAME = AppIcon;
				DEVELOPMENT_TEAM = 3BC8DC7YY2;
				INFOPLIST_FILE = TestCode/Info.plist;
				LD_RUNPATH_SEARCH_PATHS = "$(inherited) @executable_path/Frameworks";
				PRODUCT_BUNDLE_IDENTIFIER = Blueberry.TestCode;
				PRODUCT_NAME = "$(TARGET_NAME)";
				SWIFT_VERSION = 3.0;
			};
			name = Release;
		};
		24BD45C91F4898EC00DE3820 /* Debug */ = {
			isa = XCBuildConfiguration;
			baseConfigurationReference = B60733D3978E19B4095A7629 /* Pods-TestCodeTests.debug.xcconfig */;
			buildSettings = {
				ALWAYS_EMBED_SWIFT_STANDARD_LIBRARIES = YES;
				BUNDLE_LOADER = "$(TEST_HOST)";
				DEVELOPMENT_TEAM = 3BC8DC7YY2;
				INFOPLIST_FILE = TestCodeTests/Info.plist;
				LD_RUNPATH_SEARCH_PATHS = "$(inherited) @executable_path/Frameworks @loader_path/Frameworks";
				PRODUCT_BUNDLE_IDENTIFIER = Blueberry.TestCodeTests;
				PRODUCT_NAME = "$(TARGET_NAME)";
				SWIFT_VERSION = 3.0;
				TEST_HOST = "$(BUILT_PRODUCTS_DIR)/TestCode.app/TestCode";
			};
			name = Debug;
		};
		24BD45CA1F4898EC00DE3820 /* Release */ = {
			isa = XCBuildConfiguration;
			baseConfigurationReference = 1B9EE3AFCD4B38FDD0A5261D /* Pods-TestCodeTests.release.xcconfig */;
			buildSettings = {
				ALWAYS_EMBED_SWIFT_STANDARD_LIBRARIES = YES;
				BUNDLE_LOADER = "$(TEST_HOST)";
				DEVELOPMENT_TEAM = 3BC8DC7YY2;
				INFOPLIST_FILE = TestCodeTests/Info.plist;
				LD_RUNPATH_SEARCH_PATHS = "$(inherited) @executable_path/Frameworks @loader_path/Frameworks";
				PRODUCT_BUNDLE_IDENTIFIER = Blueberry.TestCodeTests;
				PRODUCT_NAME = "$(TARGET_NAME)";
				SWIFT_VERSION = 3.0;
				TEST_HOST = "$(BUILT_PRODUCTS_DIR)/TestCode.app/TestCode";
			};
			name = Release;
		};
		24BD45CC1F4898EC00DE3820 /* Debug */ = {
			isa = XCBuildConfiguration;
			baseConfigurationReference = E404DA41819F62BEDE5CCA87 /* Pods-TestCodeUITests.debug.xcconfig */;
			buildSettings = {
				ALWAYS_EMBED_SWIFT_STANDARD_LIBRARIES = YES;
				DEVELOPMENT_TEAM = 3BC8DC7YY2;
				INFOPLIST_FILE = TestCodeUITests/Info.plist;
				LD_RUNPATH_SEARCH_PATHS = "$(inherited) @executable_path/Frameworks @loader_path/Frameworks";
				PRODUCT_BUNDLE_IDENTIFIER = Blueberry.TestCodeUITests;
				PRODUCT_NAME = "$(TARGET_NAME)";
				SWIFT_VERSION = 3.0;
				TEST_TARGET_NAME = TestCode;
			};
			name = Debug;
		};
		24BD45CD1F4898EC00DE3820 /* Release */ = {
			isa = XCBuildConfiguration;
			baseConfigurationReference = 052A349C6A87E0D74D53B7A5 /* Pods-TestCodeUITests.release.xcconfig */;
			buildSettings = {
				ALWAYS_EMBED_SWIFT_STANDARD_LIBRARIES = YES;
				DEVELOPMENT_TEAM = 3BC8DC7YY2;
				INFOPLIST_FILE = TestCodeUITests/Info.plist;
				LD_RUNPATH_SEARCH_PATHS = "$(inherited) @executable_path/Frameworks @loader_path/Frameworks";
				PRODUCT_BUNDLE_IDENTIFIER = Blueberry.TestCodeUITests;
				PRODUCT_NAME = "$(TARGET_NAME)";
				SWIFT_VERSION = 3.0;
				TEST_TARGET_NAME = TestCode;
			};
			name = Release;
		};
/* End XCBuildConfiguration section */

/* Begin XCConfigurationList section */
		24BD45981F4898EC00DE3820 /* Build configuration list for PBXProject "TestCode" */ = {
			isa = XCConfigurationList;
			buildConfigurations = (
				24BD45C31F4898EC00DE3820 /* Debug */,
				24BD45C41F4898EC00DE3820 /* Release */,
			);
			defaultConfigurationIsVisible = 0;
			defaultConfigurationName = Release;
		};
		24BD45C51F4898EC00DE3820 /* Build configuration list for PBXNativeTarget "TestCode" */ = {
			isa = XCConfigurationList;
			buildConfigurations = (
				24BD45C61F4898EC00DE3820 /* Debug */,
				24BD45C71F4898EC00DE3820 /* Release */,
			);
			defaultConfigurationIsVisible = 0;
		};
		24BD45C81F4898EC00DE3820 /* Build configuration list for PBXNativeTarget "TestCodeTests" */ = {
			isa = XCConfigurationList;
			buildConfigurations = (
				24BD45C91F4898EC00DE3820 /* Debug */,
				24BD45CA1F4898EC00DE3820 /* Release */,
			);
			defaultConfigurationIsVisible = 0;
		};
		24BD45CB1F4898EC00DE3820 /* Build configuration list for PBXNativeTarget "TestCodeUITests" */ = {
			isa = XCConfigurationList;
			buildConfigurations = (
				24BD45CC1F4898EC00DE3820 /* Debug */,
				24BD45CD1F4898EC00DE3820 /* Release */,
			);
			defaultConfigurationIsVisible = 0;
		};
/* End XCConfigurationList section */
	};
	rootObject = 24BD45951F4898EC00DE3820 /* Project object */;
}
