// !$*UTF8*$!
{
	archiveVersion = 1;
	classes = {
	};
	objectVersion = 46;
	objects = {

/* Begin PBXBuildFile section */
		24FB440A1F49233A00ECE09E /* main.m in Sources */ = {isa = PBXBuildFile; fileRef = 24FB44091F49233A00ECE09E /* main.m */; };
		24FB440D1F49233A00ECE09E /* AppDelegate.m in Sources */ = {isa = PBXBuildFile; fileRef = 24FB440C1F49233A00ECE09E /* AppDelegate.m */; };
		24FB44101F49233A00ECE09E /* ViewController.m in Sources */ = {isa = PBXBuildFile; fileRef = 24FB440F1F49233A00ECE09E /* ViewController.m */; };
		24FB44131F49233A00ECE09E /* Main.storyboard in Resources */ = {isa = PBXBuildFile; fileRef = 24FB44111F49233A00ECE09E /* Main.storyboard */; };
		24FB44151F49233A00ECE09E /* Assets.xcassets in Resources */ = {isa = PBXBuildFile; fileRef = 24FB44141F49233A00ECE09E /* Assets.xcassets */; };
		24FB44181F49233A00ECE09E /* LaunchScreen.storyboard in Resources */ = {isa = PBXBuildFile; fileRef = 24FB44161F49233A00ECE09E /* LaunchScreen.storyboard */; };
		24FB44231F49233B00ECE09E /* TestCodeTests.m in Sources */ = {isa = PBXBuildFile; fileRef = 24FB44221F49233B00ECE09E /* TestCodeTests.m */; };
		24FB442E1F49233B00ECE09E /* TestCodeUITests.m in Sources */ = {isa = PBXBuildFile; fileRef = 24FB442D1F49233B00ECE09E /* TestCodeUITests.m */; };
/* End PBXBuildFile section */

/* Begin PBXContainerItemProxy section */
		24FB441F1F49233A00ECE09E /* PBXContainerItemProxy */ = {
			isa = PBXContainerItemProxy;
			containerPortal = 24FB43FD1F49233A00ECE09E /* Project object */;
			proxyType = 1;
			remoteGlobalIDString = 24FB44041F49233A00ECE09E;
			remoteInfo = TestCode;
		};
		24FB442A1F49233B00ECE09E /* PBXContainerItemProxy */ = {
			isa = PBXContainerItemProxy;
			containerPortal = 24FB43FD1F49233A00ECE09E /* Project object */;
			proxyType = 1;
			remoteGlobalIDString = 24FB44041F49233A00ECE09E;
			remoteInfo = TestCode;
		};
/* End PBXContainerItemProxy section */

/* Begin PBXFileReference section */
		24FB44051F49233A00ECE09E /* TestCode.app */ = {isa = PBXFileReference; explicitFileType = wrapper.application; includeInIndex = 0; path = TestCode.app; sourceTree = BUILT_PRODUCTS_DIR; };
		24FB44091F49233A00ECE09E /* main.m */ = {isa = PBXFileReference; lastKnownFileType = sourcecode.c.objc; path = main.m; sourceTree = "<group>"; };
		24FB440B1F49233A00ECE09E /* AppDelegate.h */ = {isa = PBXFileReference; lastKnownFileType = sourcecode.c.h; path = AppDelegate.h; sourceTree = "<group>"; };
		24FB440C1F49233A00ECE09E /* AppDelegate.m */ = {isa = PBXFileReference; lastKnownFileType = sourcecode.c.objc; path = AppDelegate.m; sourceTree = "<group>"; };
		24FB440E1F49233A00ECE09E /* ViewController.h */ = {isa = PBXFileReference; lastKnownFileType = sourcecode.c.h; path = ViewController.h; sourceTree = "<group>"; };
		24FB440F1F49233A00ECE09E /* ViewController.m */ = {isa = PBXFileReference; lastKnownFileType = sourcecode.c.objc; path = ViewController.m; sourceTree = "<group>"; };
		24FB44121F49233A00ECE09E /* Base */ = {isa = PBXFileReference; lastKnownFileType = file.storyboard; name = Base; path = Base.lproj/Main.storyboard; sourceTree = "<group>"; };
		24FB44141F49233A00ECE09E /* Assets.xcassets */ = {isa = PBXFileReference; lastKnownFileType = folder.assetcatalog; path = Assets.xcassets; sourceTree = "<group>"; };
		24FB44171F49233A00ECE09E /* Base */ = {isa = PBXFileReference; lastKnownFileType = file.storyboard; name = Base; path = Base.lproj/LaunchScreen.storyboard; sourceTree = "<group>"; };
		24FB44191F49233A00ECE09E /* Info.plist */ = {isa = PBXFileReference; lastKnownFileType = text.plist.xml; path = Info.plist; sourceTree = "<group>"; };
		24FB441E1F49233A00ECE09E /* TestCodeTests.xctest */ = {isa = PBXFileReference; explicitFileType = wrapper.cfbundle; includeInIndex = 0; path = TestCodeTests.xctest; sourceTree = BUILT_PRODUCTS_DIR; };
		24FB44221F49233B00ECE09E /* TestCodeTests.m */ = {isa = PBXFileReference; lastKnownFileType = sourcecode.c.objc; path = TestCodeTests.m; sourceTree = "<group>"; };
		24FB44241F49233B00ECE09E /* Info.plist */ = {isa = PBXFileReference; lastKnownFileType = text.plist.xml; path = Info.plist; sourceTree = "<group>"; };
		24FB44291F49233B00ECE09E /* TestCodeUITests.xctest */ = {isa = PBXFileReference; explicitFileType = wrapper.cfbundle; includeInIndex = 0; path = TestCodeUITests.xctest; sourceTree = BUILT_PRODUCTS_DIR; };
		24FB442D1F49233B00ECE09E /* TestCodeUITests.m */ = {isa = PBXFileReference; lastKnownFileType = sourcecode.c.objc; path = TestCodeUITests.m; sourceTree = "<group>"; };
		24FB442F1F49233B00ECE09E /* Info.plist */ = {isa = PBXFileReference; lastKnownFileType = text.plist.xml; path = Info.plist; sourceTree = "<group>"; };
/* End PBXFileReference section */

/* Begin PBXFrameworksBuildPhase section */
		24FB44021F49233A00ECE09E /* Frameworks */ = {
			isa = PBXFrameworksBuildPhase;
			buildActionMask = 2147483647;
			files = (
			);
			runOnlyForDeploymentPostprocessing = 0;
		};
		24FB441B1F49233A00ECE09E /* Frameworks */ = {
			isa = PBXFrameworksBuildPhase;
			buildActionMask = 2147483647;
			files = (
			);
			runOnlyForDeploymentPostprocessing = 0;
		};
		24FB44261F49233B00ECE09E /* Frameworks */ = {
			isa = PBXFrameworksBuildPhase;
			buildActionMask = 2147483647;
			files = (
			);
			runOnlyForDeploymentPostprocessing = 0;
		};
/* End PBXFrameworksBuildPhase section */

/* Begin PBXGroup section */
		24FB43FC1F49233A00ECE09E = {
			isa = PBXGroup;
			children = (
				24FB44071F49233A00ECE09E /* TestCode */,
				24FB44211F49233A00ECE09E /* TestCodeTests */,
				24FB442C1F49233B00ECE09E /* TestCodeUITests */,
				24FB44061F49233A00ECE09E /* Products */,
			);
			sourceTree = "<group>";
		};
		24FB44061F49233A00ECE09E /* Products */ = {
			isa = PBXGroup;
			children = (
				24FB44051F49233A00ECE09E /* TestCode.app */,
				24FB441E1F49233A00ECE09E /* TestCodeTests.xctest */,
				24FB44291F49233B00ECE09E /* TestCodeUITests.xctest */,
			);
			name = Products;
			sourceTree = "<group>";
		};
		24FB44071F49233A00ECE09E /* TestCode */ = {
			isa = PBXGroup;
			children = (
				24FB440B1F49233A00ECE09E /* AppDelegate.h */,
				24FB440C1F49233A00ECE09E /* AppDelegate.m */,
				24FB440E1F49233A00ECE09E /* ViewController.h */,
				24FB440F1F49233A00ECE09E /* ViewController.m */,
				24FB44111F49233A00ECE09E /* Main.storyboard */,
				24FB44141F49233A00ECE09E /* Assets.xcassets */,
				24FB44161F49233A00ECE09E /* LaunchScreen.storyboard */,
				24FB44191F49233A00ECE09E /* Info.plist */,
				24FB44081F49233A00ECE09E /* Supporting Files */,
			);
			path = TestCode;
			sourceTree = "<group>";
		};
		24FB44081F49233A00ECE09E /* Supporting Files */ = {
			isa = PBXGroup;
			children = (
				24FB44091F49233A00ECE09E /* main.m */,
			);
			name = "Supporting Files";
			sourceTree = "<group>";
		};
		24FB44211F49233A00ECE09E /* TestCodeTests */ = {
			isa = PBXGroup;
			children = (
				24FB44221F49233B00ECE09E /* TestCodeTests.m */,
				24FB44241F49233B00ECE09E /* Info.plist */,
			);
			path = TestCodeTests;
			sourceTree = "<group>";
		};
		24FB442C1F49233B00ECE09E /* TestCodeUITests */ = {
			isa = PBXGroup;
			children = (
				24FB442D1F49233B00ECE09E /* TestCodeUITests.m */,
				24FB442F1F49233B00ECE09E /* Info.plist */,
			);
			path = TestCodeUITests;
			sourceTree = "<group>";
		};
/* End PBXGroup section */

/* Begin PBXNativeTarget section */
		24FB44041F49233A00ECE09E /* TestCode */ = {
			isa = PBXNativeTarget;
			buildConfigurationList = 24FB44321F49233B00ECE09E /* Build configuration list for PBXNativeTarget "TestCode" */;
			buildPhases = (
				24FB44011F49233A00ECE09E /* Sources */,
				24FB44021F49233A00ECE09E /* Frameworks */,
				24FB44031F49233A00ECE09E /* Resources */,
			);
			buildRules = (
			);
			dependencies = (
			);
			name = TestCode;
			productName = TestCode;
			productReference = 24FB44051F49233A00ECE09E /* TestCode.app */;
			productType = "com.apple.product-type.application";
		};
		24FB441D1F49233A00ECE09E /* TestCodeTests */ = {
			isa = PBXNativeTarget;
			buildConfigurationList = 24FB44351F49233B00ECE09E /* Build configuration list for PBXNativeTarget "TestCodeTests" */;
			buildPhases = (
				24FB441A1F49233A00ECE09E /* Sources */,
				24FB441B1F49233A00ECE09E /* Frameworks */,
				24FB441C1F49233A00ECE09E /* Resources */,
			);
			buildRules = (
			);
			dependencies = (
				24FB44201F49233A00ECE09E /* PBXTargetDependency */,
			);
			name = TestCodeTests;
			productName = TestCodeTests;
			productReference = 24FB441E1F49233A00ECE09E /* TestCodeTests.xctest */;
			productType = "com.apple.product-type.bundle.unit-test";
		};
		24FB44281F49233B00ECE09E /* TestCodeUITests */ = {
			isa = PBXNativeTarget;
			buildConfigurationList = 24FB44381F49233B00ECE09E /* Build configuration list for PBXNativeTarget "TestCodeUITests" */;
			buildPhases = (
				24FB44251F49233B00ECE09E /* Sources */,
				24FB44261F49233B00ECE09E /* Frameworks */,
				24FB44271F49233B00ECE09E /* Resources */,
			);
			buildRules = (
			);
			dependencies = (
				24FB442B1F49233B00ECE09E /* PBXTargetDependency */,
			);
			name = TestCodeUITests;
			productName = TestCodeUITests;
			productReference = 24FB44291F49233B00ECE09E /* TestCodeUITests.xctest */;
			productType = "com.apple.product-type.bundle.ui-testing";
		};
/* End PBXNativeTarget section */

/* Begin PBXProject section */
		24FB43FD1F49233A00ECE09E /* Project object */ = {
			isa = PBXProject;
			attributes = {
				LastUpgradeCheck = 0830;
				ORGANIZATIONNAME = BlueBerry;
				TargetAttributes = {
					24FB44041F49233A00ECE09E = {
						CreatedOnToolsVersion = 8.3.3;
						DevelopmentTeam = 3BC8DC7YY2;
						ProvisioningStyle = Automatic;
					};
					24FB441D1F49233A00ECE09E = {
						CreatedOnToolsVersion = 8.3.3;
						DevelopmentTeam = 3BC8DC7YY2;
						ProvisioningStyle = Automatic;
						TestTargetID = 24FB44041F49233A00ECE09E;
					};
					24FB44281F49233B00ECE09E = {
						CreatedOnToolsVersion = 8.3.3;
						DevelopmentTeam = 3BC8DC7YY2;
						ProvisioningStyle = Automatic;
						TestTargetID = 24FB44041F49233A00ECE09E;
					};
				};
			};
			buildConfigurationList = 24FB44001F49233A00ECE09E /* Build configuration list for PBXProject "TestCode" */;
			compatibilityVersion = "Xcode 3.2";
			developmentRegion = English;
			hasScannedForEncodings = 0;
			knownRegions = (
				en,
				Base,
			);
			mainGroup = 24FB43FC1F49233A00ECE09E;
			productRefGroup = 24FB44061F49233A00ECE09E /* Products */;
			projectDirPath = "";
			projectRoot = "";
			targets = (
				24FB44041F49233A00ECE09E /* TestCode */,
				24FB441D1F49233A00ECE09E /* TestCodeTests */,
				24FB44281F49233B00ECE09E /* TestCodeUITests */,
			);
		};
/* End PBXProject section */

/* Begin PBXResourcesBuildPhase section */
		24FB44031F49233A00ECE09E /* Resources */ = {
			isa = PBXResourcesBuildPhase;
			buildActionMask = 2147483647;
			files = (
				24FB44181F49233A00ECE09E /* LaunchScreen.storyboard in Resources */,
				24FB44151F49233A00ECE09E /* Assets.xcassets in Resources */,
				24FB44131F49233A00ECE09E /* Main.storyboard in Resources */,
			);
			runOnlyForDeploymentPostprocessing = 0;
		};
		24FB441C1F49233A00ECE09E /* Resources */ = {
			isa = PBXResourcesBuildPhase;
			buildActionMask = 2147483647;
			files = (
			);
			runOnlyForDeploymentPostprocessing = 0;
		};
		24FB44271F49233B00ECE09E /* Resources */ = {
			isa = PBXResourcesBuildPhase;
			buildActionMask = 2147483647;
			files = (
			);
			runOnlyForDeploymentPostprocessing = 0;
		};
/* End PBXResourcesBuildPhase section */

/* Begin PBXSourcesBuildPhase section */
		24FB44011F49233A00ECE09E /* Sources */ = {
			isa = PBXSourcesBuildPhase;
			buildActionMask = 2147483647;
			files = (
				24FB44101F49233A00ECE09E /* ViewController.m in Sources */,
				24FB440D1F49233A00ECE09E /* AppDelegate.m in Sources */,
				24FB440A1F49233A00ECE09E /* main.m in Sources */,
			);
			runOnlyForDeploymentPostprocessing = 0;
		};
		24FB441A1F49233A00ECE09E /* Sources */ = {
			isa = PBXSourcesBuildPhase;
			buildActionMask = 2147483647;
			files = (
				24FB44231F49233B00ECE09E /* TestCodeTests.m in Sources */,
			);
			runOnlyForDeploymentPostprocessing = 0;
		};
		24FB44251F49233B00ECE09E /* Sources */ = {
			isa = PBXSourcesBuildPhase;
			buildActionMask = 2147483647;
			files = (
				24FB442E1F49233B00ECE09E /* TestCodeUITests.m in Sources */,
			);
			runOnlyForDeploymentPostprocessing = 0;
		};
/* End PBXSourcesBuildPhase section */

/* Begin PBXTargetDependency section */
		24FB44201F49233A00ECE09E /* PBXTargetDependency */ = {
			isa = PBXTargetDependency;
			target = 24FB44041F49233A00ECE09E /* TestCode */;
			targetProxy = 24FB441F1F49233A00ECE09E /* PBXContainerItemProxy */;
		};
		24FB442B1F49233B00ECE09E /* PBXTargetDependency */ = {
			isa = PBXTargetDependency;
			target = 24FB44041F49233A00ECE09E /* TestCode */;
			targetProxy = 24FB442A1F49233B00ECE09E /* PBXContainerItemProxy */;
		};
/* End PBXTargetDependency section */

/* Begin PBXVariantGroup section */
		24FB44111F49233A00ECE09E /* Main.storyboard */ = {
			isa = PBXVariantGroup;
			children = (
				24FB44121F49233A00ECE09E /* Base */,
			);
			name = Main.storyboard;
			sourceTree = "<group>";
		};
		24FB44161F49233A00ECE09E /* LaunchScreen.storyboard */ = {
			isa = PBXVariantGroup;
			children = (
				24FB44171F49233A00ECE09E /* Base */,
			);
			name = LaunchScreen.storyboard;
			sourceTree = "<group>";
		};
/* End PBXVariantGroup section */

/* Begin XCBuildConfiguration section */
		24FB44301F49233B00ECE09E /* Debug */ = {
			isa = XCBuildConfiguration;
			buildSettings = {
				ALWAYS_SEARCH_USER_PATHS = NO;
				CLANG_ANALYZER_NONNULL = YES;
				CLANG_ANALYZER_NUMBER_OBJECT_CONVERSION = YES_AGGRESSIVE;
				CLANG_CXX_LANGUAGE_STANDARD = "gnu++0x";
				CLANG_CXX_LIBRARY = "libc++";
				CLANG_ENABLE_MODULES = YES;
				CLANG_ENABLE_OBJC_ARC = YES;
				CLANG_WARN_BOOL_CONVERSION = YES;
				CLANG_WARN_CONSTANT_CONVERSION = YES;
				CLANG_WARN_DIRECT_OBJC_ISA_USAGE = YES_ERROR;
				CLANG_WARN_DOCUMENTATION_COMMENTS = YES;
				CLANG_WARN_EMPTY_BODY = YES;
				CLANG_WARN_ENUM_CONVERSION = YES;
				CLANG_WARN_INFINITE_RECURSION = YES;
				CLANG_WARN_INT_CONVERSION = YES;
				CLANG_WARN_OBJC_ROOT_CLASS = YES_ERROR;
				CLANG_WARN_SUSPICIOUS_MOVE = YES;
				CLANG_WARN_UNREACHABLE_CODE = YES;
				CLANG_WARN__DUPLICATE_METHOD_MATCH = YES;
				"CODE_SIGN_IDENTITY[sdk=iphoneos*]" = "iPhone Developer";
				COPY_PHASE_STRIP = NO;
				DEBUG_INFORMATION_FORMAT = dwarf;
				ENABLE_STRICT_OBJC_MSGSEND = YES;
				ENABLE_TESTABILITY = YES;
				GCC_C_LANGUAGE_STANDARD = gnu99;
				GCC_DYNAMIC_NO_PIC = NO;
				GCC_NO_COMMON_BLOCKS = YES;
				GCC_OPTIMIZATION_LEVEL = 0;
				GCC_PREPROCESSOR_DEFINITIONS = (
					"DEBUG=1",
					"$(inherited)",
				);
				GCC_WARN_64_TO_32_BIT_CONVERSION = YES;
				GCC_WARN_ABOUT_RETURN_TYPE = YES_ERROR;
				GCC_WARN_UNDECLARED_SELECTOR = YES;
				GCC_WARN_UNINITIALIZED_AUTOS = YES_AGGRESSIVE;
				GCC_WARN_UNUSED_FUNCTION = YES;
				GCC_WARN_UNUSED_VARIABLE = YES;
				IPHONEOS_DEPLOYMENT_TARGET = 10.3;
				MTL_ENABLE_DEBUG_INFO = YES;
				ONLY_ACTIVE_ARCH = YES;
				SDKROOT = iphoneos;
			};
			name = Debug;
		};
		24FB44311F49233B00ECE09E /* Release */ = {
			isa = XCBuildConfiguration;
			buildSettings = {
				ALWAYS_SEARCH_USER_PATHS = NO;
				CLANG_ANALYZER_NONNULL = YES;
				CLANG_ANALYZER_NUMBER_OBJECT_CONVERSION = YES_AGGRESSIVE;
				CLANG_CXX_LANGUAGE_STANDARD = "gnu++0x";
				CLANG_CXX_LIBRARY = "libc++";
				CLANG_ENABLE_MODULES = YES;
				CLANG_ENABLE_OBJC_ARC = YES;
				CLANG_WARN_BOOL_CONVERSION = YES;
				CLANG_WARN_CONSTANT_CONVERSION = YES;
				CLANG_WARN_DIRECT_OBJC_ISA_USAGE = YES_ERROR;
				CLANG_WARN_DOCUMENTATION_COMMENTS = YES;
				CLANG_WARN_EMPTY_BODY = YES;
				CLANG_WARN_ENUM_CONVERSION = YES;
				CLANG_WARN_INFINITE_RECURSION = YES;
				CLANG_WARN_INT_CONVERSION = YES;
				CLANG_WARN_OBJC_ROOT_CLASS = YES_ERROR;
				CLANG_WARN_SUSPICIOUS_MOVE = YES;
				CLANG_WARN_UNREACHABLE_CODE = YES;
				CLANG_WARN__DUPLICATE_METHOD_MATCH = YES;
				"CODE_SIGN_IDENTITY[sdk=iphoneos*]" = "iPhone Developer";
				COPY_PHASE_STRIP = NO;
				DEBUG_INFORMATION_FORMAT = "dwarf-with-dsym";
				ENABLE_NS_ASSERTIONS = NO;
				ENABLE_STRICT_OBJC_MSGSEND = YES;
				GCC_C_LANGUAGE_STANDARD = gnu99;
				GCC_NO_COMMON_BLOCKS = YES;
				GCC_WARN_64_TO_32_BIT_CONVERSION = YES;
				GCC_WARN_ABOUT_RETURN_TYPE = YES_ERROR;
				GCC_WARN_UNDECLARED_SELECTOR = YES;
				GCC_WARN_UNINITIALIZED_AUTOS = YES_AGGRESSIVE;
				GCC_WARN_UNUSED_FUNCTION = YES;
				GCC_WARN_UNUSED_VARIABLE = YES;
				IPHONEOS_DEPLOYMENT_TARGET = 10.3;
				MTL_ENABLE_DEBUG_INFO = NO;
				SDKROOT = iphoneos;
				VALIDATE_PRODUCT = YES;
			};
			name = Release;
		};
		24FB44331F49233B00ECE09E /* Debug */ = {
			isa = XCBuildConfiguration;
			buildSettings = {
				ASSETCATALOG_COMPILER_APPICON_NAME = AppIcon;
				DEVELOPMENT_TEAM = 3BC8DC7YY2;
				INFOPLIST_FILE = TestCode/Info.plist;
				LD_RUNPATH_SEARCH_PATHS = "$(inherited) @executable_path/Frameworks";
				PRODUCT_BUNDLE_IDENTIFIER = Blueberry.TestCode;
				PRODUCT_NAME = "$(TARGET_NAME)";
			};
			name = Debug;
		};
		24FB44341F49233B00ECE09E /* Release */ = {
			isa = XCBuildConfiguration;
			buildSettings = {
				ASSETCATALOG_COMPILER_APPICON_NAME = AppIcon;
				DEVELOPMENT_TEAM = 3BC8DC7YY2;
				INFOPLIST_FILE = TestCode/Info.plist;
				LD_RUNPATH_SEARCH_PATHS = "$(inherited) @executable_path/Frameworks";
				PRODUCT_BUNDLE_IDENTIFIER = Blueberry.TestCode;
				PRODUCT_NAME = "$(TARGET_NAME)";
			};
			name = Release;
		};
		24FB44361F49233B00ECE09E /* Debug */ = {
			isa = XCBuildConfiguration;
			buildSettings = {
				BUNDLE_LOADER = "$(TEST_HOST)";
				DEVELOPMENT_TEAM = 3BC8DC7YY2;
				INFOPLIST_FILE = TestCodeTests/Info.plist;
				LD_RUNPATH_SEARCH_PATHS = "$(inherited) @executable_path/Frameworks @loader_path/Frameworks";
				PRODUCT_BUNDLE_IDENTIFIER = Blueberry.TestCodeTests;
				PRODUCT_NAME = "$(TARGET_NAME)";
				TEST_HOST = "$(BUILT_PRODUCTS_DIR)/TestCode.app/TestCode";
			};
			name = Debug;
		};
		24FB44371F49233B00ECE09E /* Release */ = {
			isa = XCBuildConfiguration;
			buildSettings = {
				BUNDLE_LOADER = "$(TEST_HOST)";
				DEVELOPMENT_TEAM = 3BC8DC7YY2;
				INFOPLIST_FILE = TestCodeTests/Info.plist;
				LD_RUNPATH_SEARCH_PATHS = "$(inherited) @executable_path/Frameworks @loader_path/Frameworks";
				PRODUCT_BUNDLE_IDENTIFIER = Blueberry.TestCodeTests;
				PRODUCT_NAME = "$(TARGET_NAME)";
				TEST_HOST = "$(BUILT_PRODUCTS_DIR)/TestCode.app/TestCode";
			};
			name = Release;
		};
		24FB44391F49233B00ECE09E /* Debug */ = {
			isa = XCBuildConfiguration;
			buildSettings = {
				DEVELOPMENT_TEAM = 3BC8DC7YY2;
				INFOPLIST_FILE = TestCodeUITests/Info.plist;
				LD_RUNPATH_SEARCH_PATHS = "$(inherited) @executable_path/Frameworks @loader_path/Frameworks";
				PRODUCT_BUNDLE_IDENTIFIER = Blueberry.TestCodeUITests;
				PRODUCT_NAME = "$(TARGET_NAME)";
				TEST_TARGET_NAME = TestCode;
			};
			name = Debug;
		};
		24FB443A1F49233B00ECE09E /* Release */ = {
			isa = XCBuildConfiguration;
			buildSettings = {
				DEVELOPMENT_TEAM = 3BC8DC7YY2;
				INFOPLIST_FILE = TestCodeUITests/Info.plist;
				LD_RUNPATH_SEARCH_PATHS = "$(inherited) @executable_path/Frameworks @loader_path/Frameworks";
				PRODUCT_BUNDLE_IDENTIFIER = Blueberry.TestCodeUITests;
				PRODUCT_NAME = "$(TARGET_NAME)";
				TEST_TARGET_NAME = TestCode;
			};
			name = Release;
		};
/* End XCBuildConfiguration section */

/* Begin XCConfigurationList section */
		24FB44001F49233A00ECE09E /* Build configuration list for PBXProject "TestCode" */ = {
			isa = XCConfigurationList;
			buildConfigurations = (
				24FB44301F49233B00ECE09E /* Debug */,
				24FB44311F49233B00ECE09E /* Release */,
			);
			defaultConfigurationIsVisible = 0;
			defaultConfigurationName = Release;
		};
		24FB44321F49233B00ECE09E /* Build configuration list for PBXNativeTarget "TestCode" */ = {
			isa = XCConfigurationList;
			buildConfigurations = (
				24FB44331F49233B00ECE09E /* Debug */,
				24FB44341F49233B00ECE09E /* Release */,
			);
			defaultConfigurationIsVisible = 0;
		};
		24FB44351F49233B00ECE09E /* Build configuration list for PBXNativeTarget "TestCodeTests" */ = {
			isa = XCConfigurationList;
			buildConfigurations = (
				24FB44361F49233B00ECE09E /* Debug */,
				24FB44371F49233B00ECE09E /* Release */,
			);
			defaultConfigurationIsVisible = 0;
		};
		24FB44381F49233B00ECE09E /* Build configuration list for PBXNativeTarget "TestCodeUITests" */ = {
			isa = XCConfigurationList;
			buildConfigurations = (
				24FB44391F49233B00ECE09E /* Debug */,
				24FB443A1F49233B00ECE09E /* Release */,
			);
			defaultConfigurationIsVisible = 0;
		};
/* End XCConfigurationList section */
	};
	rootObject = 24FB43FD1F49233A00ECE09E /* Project object */;
}
